
Microsoft Visual Studio Solution File, Format Version 12.00
# Visual Studio Version 17
VisualStudioVersion = 17.14.36121.58
MinimumVisualStudioVersion = 10.0.40219.1
Project("{FAE04EC0-301F-11D3-BF4B-00C04F79EFBC}") = "Igrica", "Igrica\Igrica.csproj", "{DA65BE21-2B3D-41BC-9763-F95BC4667DB0}"
EndProject
Project("{FAE04EC0-301F-11D3-BF4B-00C04F79EFBC}") = "BazaIgrice", "BazaIgrice\BazaIgrice.csproj", "{ACA27384-0C55-45A5-A816-44EF088ACA13}"
EndProject
Project("{FAE04EC0-301F-11D3-BF4B-00C04F79EFBC}") = "Prijava", "Prijava\Prijava.csproj", "{B9F8D15F-F621-4C18-AA9C-99B46CED7050}"
EndProject
Project("{FAE04EC0-301F-11D3-BF4B-00C04F79EFBC}") = "Admin", "Admin\Admin.csproj", "{164A2C91-AE65-4F8A-8C7D-A8DCED06CD22}"
EndProject
Project("{FAE04EC0-301F-11D3-BF4B-00C04F79EFBC}") = "Meni", "Meni\Meni.csproj", "{43A94995-DDF6-430E-BF7E-70D9B6C84BB3}"
EndProject
Project("{FAE04EC0-301F-11D3-BF4B-00C04F79EFBC}") = "UrejanjeNastavitev", "UrejanjeNastavitev\UrejanjeNastavitev.csproj", "{2FCBBE87-91DB-4891-9030-C3C6AFB847F8}"
EndProject
Project("{FAE04EC0-301F-11D3-BF4B-00C04F79EFBC}") = "Knjiznica", "Knjiznica\Knjiznica.csproj", "{9D04774B-5A78-4C74-8830-612E9EE0CA8E}"
EndProject
Project("{FAE04EC0-301F-11D3-BF4B-00C04F79EFBC}") = "Osnova", "Osnova\Osnova.csproj", "{84ACD03D-E65C-4FCF-8874-5D8CE40C81CD}"
EndProject
Global
	GlobalSection(SolutionConfigurationPlatforms) = preSolution
		Debug|Any CPU = Debug|Any CPU
		Release|Any CPU = Release|Any CPU
	EndGlobalSection
	GlobalSection(ProjectConfigurationPlatforms) = postSolution
		{DA65BE21-2B3D-41BC-9763-F95BC4667DB0}.Debug|Any CPU.ActiveCfg = Debug|Any CPU
		{DA65BE21-2B3D-41BC-9763-F95BC4667DB0}.Debug|Any CPU.Build.0 = Debug|Any CPU
		{DA65BE21-2B3D-41BC-9763-F95BC4667DB0}.Release|Any CPU.ActiveCfg = Release|Any CPU
		{DA65BE21-2B3D-41BC-9763-F95BC4667DB0}.Release|Any CPU.Build.0 = Release|Any CPU
		{ACA27384-0C55-45A5-A816-44EF088ACA13}.Debug|Any CPU.ActiveCfg = Debug|Any CPU
		{ACA27384-0C55-45A5-A816-44EF088ACA13}.Debug|Any CPU.Build.0 = Debug|Any CPU
		{ACA27384-0C55-45A5-A816-44EF088ACA13}.Release|Any CPU.ActiveCfg = Release|Any CPU
		{ACA27384-0C55-45A5-A816-44EF088ACA13}.Release|Any CPU.Build.0 = Release|Any CPU
		{B9F8D15F-F621-4C18-AA9C-99B46CED7050}.Debug|Any CPU.ActiveCfg = Debug|Any CPU
		{B9F8D15F-F621-4C18-AA9C-99B46CED7050}.Debug|Any CPU.Build.0 = Debug|Any CPU
		{B9F8D15F-F621-4C18-AA9C-99B46CED7050}.Release|Any CPU.ActiveCfg = Release|Any CPU
		{B9F8D15F-F621-4C18-AA9C-99B46CED7050}.Release|Any CPU.Build.0 = Release|Any CPU
		{164A2C91-AE65-4F8A-8C7D-A8DCED06CD22}.Debug|Any CPU.ActiveCfg = Debug|Any CPU
		{164A2C91-AE65-4F8A-8C7D-A8DCED06CD22}.Debug|Any CPU.Build.0 = Debug|Any CPU
		{164A2C91-AE65-4F8A-8C7D-A8DCED06CD22}.Release|Any CPU.ActiveCfg = Release|Any CPU
		{164A2C91-AE65-4F8A-8C7D-A8DCED06CD22}.Release|Any CPU.Build.0 = Release|Any CPU
		{43A94995-DDF6-430E-BF7E-70D9B6C84BB3}.Debug|Any CPU.ActiveCfg = Debug|Any CPU
		{43A94995-DDF6-430E-BF7E-70D9B6C84BB3}.Debug|Any CPU.Build.0 = Debug|Any CPU
		{43A94995-DDF6-430E-BF7E-70D9B6C84BB3}.Release|Any CPU.ActiveCfg = Release|Any CPU
		{43A94995-DDF6-430E-BF7E-70D9B6C84BB3}.Release|Any CPU.Build.0 = Release|Any CPU
		{2FCBBE87-91DB-4891-9030-C3C6AFB847F8}.Debug|Any CPU.ActiveCfg = Debug|Any CPU
		{2FCBBE87-91DB-4891-9030-C3C6AFB847F8}.Debug|Any CPU.Build.0 = Debug|Any CPU
		{2FCBBE87-91DB-4891-9030-C3C6AFB847F8}.Release|Any CPU.ActiveCfg = Release|Any CPU
		{2FCBBE87-91DB-4891-9030-C3C6AFB847F8}.Release|Any CPU.Build.0 = Release|Any CPU
		{9D04774B-5A78-4C74-8830-612E9EE0CA8E}.Debug|Any CPU.ActiveCfg = Debug|Any CPU
		{9D04774B-5A78-4C74-8830-612E9EE0CA8E}.Debug|Any CPU.Build.0 = Debug|Any CPU
		{9D04774B-5A78-4C74-8830-612E9EE0CA8E}.Release|Any CPU.ActiveCfg = Release|Any CPU
		{9D04774B-5A78-4C74-8830-612E9EE0CA8E}.Release|Any CPU.Build.0 = Release|Any CPU
		{84ACD03D-E65C-4FCF-8874-5D8CE40C81CD}.Debug|Any CPU.ActiveCfg = Debug|Any CPU
		{84ACD03D-E65C-4FCF-8874-5D8CE40C81CD}.Debug|Any CPU.Build.0 = Debug|Any CPU
		{84ACD03D-E65C-4FCF-8874-5D8CE40C81CD}.Release|Any CPU.ActiveCfg = Release|Any CPU
		{84ACD03D-E65C-4FCF-8874-5D8CE40C81CD}.Release|Any CPU.Build.0 = Release|Any CPU
	EndGlobalSection
	GlobalSection(SolutionProperties) = preSolution
		HideSolutionNode = FALSE
	EndGlobalSection
	GlobalSection(ExtensibilityGlobals) = postSolution
		SolutionGuid = {B49A5C5F-0FF3-4D83-8023-4A8AE11C8F2A}
	EndGlobalSection
EndGlobal
